// !$*UTF8*$!
{
	archiveVersion = 1;
	classes = {
	};
	objectVersion = 48;
	objects = {

/* Begin PBXBuildFile section */
		78222EFC21B568C700AFD4B0 /* AppDelegate.swift in Sources */ = {isa = PBXBuildFile; fileRef = 78222EFB21B568C700AFD4B0 /* AppDelegate.swift */; };
		78222EFE21B568C700AFD4B0 /* ViewController.swift in Sources */ = {isa = PBXBuildFile; fileRef = 78222EFD21B568C700AFD4B0 /* ViewController.swift */; };
		78222F0121B568C700AFD4B0 /* Main.storyboard in Resources */ = {isa = PBXBuildFile; fileRef = 78222EFF21B568C700AFD4B0 /* Main.storyboard */; };
		78222F0321B568C700AFD4B0 /* Assets.xcassets in Resources */ = {isa = PBXBuildFile; fileRef = 78222F0221B568C700AFD4B0 /* Assets.xcassets */; };
		78222F0621B568C700AFD4B0 /* LaunchScreen.storyboard in Resources */ = {isa = PBXBuildFile; fileRef = 78222F0421B568C700AFD4B0 /* LaunchScreen.storyboard */; };
		78222F1121B568C700AFD4B0 /* AutoLayoutTestTests.swift in Sources */ = {isa = PBXBuildFile; fileRef = 78222F1021B568C700AFD4B0 /* AutoLayoutTestTests.swift */; };
		78222F1C21B568C700AFD4B0 /* AutoLayoutTestUITests.swift in Sources */ = {isa = PBXBuildFile; fileRef = 78222F1B21B568C700AFD4B0 /* AutoLayoutTestUITests.swift */; };
/* End PBXBuildFile section */

/* Begin PBXContainerItemProxy section */
		78222F0D21B568C700AFD4B0 /* PBXContainerItemProxy */ = {
			isa = PBXContainerItemProxy;
			containerPortal = 78222EF021B568C700AFD4B0 /* Project object */;
			proxyType = 1;
			remoteGlobalIDString = 78222EF721B568C700AFD4B0;
			remoteInfo = AutoLayoutTest;
		};
		78222F1821B568C700AFD4B0 /* PBXContainerItemProxy */ = {
			isa = PBXContainerItemProxy;
			containerPortal = 78222EF021B568C700AFD4B0 /* Project object */;
			proxyType = 1;
			remoteGlobalIDString = 78222EF721B568C700AFD4B0;
			remoteInfo = AutoLayoutTest;
		};
/* End PBXContainerItemProxy section */

/* Begin PBXFileReference section */
		78222EF821B568C700AFD4B0 /* AutoLayoutTest.app */ = {isa = PBXFileReference; explicitFileType = wrapper.application; includeInIndex = 0; path = AutoLayoutTest.app; sourceTree = BUILT_PRODUCTS_DIR; };
		78222EFB21B568C700AFD4B0 /* AppDelegate.swift */ = {isa = PBXFileReference; lastKnownFileType = sourcecode.swift; path = AppDelegate.swift; sourceTree = "<group>"; };
		78222EFD21B568C700AFD4B0 /* ViewController.swift */ = {isa = PBXFileReference; lastKnownFileType = sourcecode.swift; path = ViewController.swift; sourceTree = "<group>"; };
		78222F0021B568C700AFD4B0 /* Base */ = {isa = PBXFileReference; lastKnownFileType = file.storyboard; name = Base; path = Base.lproj/Main.storyboard; sourceTree = "<group>"; };
		78222F0221B568C700AFD4B0 /* Assets.xcassets */ = {isa = PBXFileReference; lastKnownFileType = folder.assetcatalog; path = Assets.xcassets; sourceTree = "<group>"; };
		78222F0521B568C700AFD4B0 /* Base */ = {isa = PBXFileReference; lastKnownFileType = file.storyboard; name = Base; path = Base.lproj/LaunchScreen.storyboard; sourceTree = "<group>"; };
		78222F0721B568C700AFD4B0 /* Info.plist */ = {isa = PBXFileReference; lastKnownFileType = text.plist.xml; path = Info.plist; sourceTree = "<group>"; };
		78222F0C21B568C700AFD4B0 /* AutoLayoutTestTests.xctest */ = {isa = PBXFileReference; explicitFileType = wrapper.cfbundle; includeInIndex = 0; path = AutoLayoutTestTests.xctest; sourceTree = BUILT_PRODUCTS_DIR; };
		78222F1021B568C700AFD4B0 /* AutoLayoutTestTests.swift */ = {isa = PBXFileReference; lastKnownFileType = sourcecode.swift; path = AutoLayoutTestTests.swift; sourceTree = "<group>"; };
		78222F1221B568C700AFD4B0 /* Info.plist */ = {isa = PBXFileReference; lastKnownFileType = text.plist.xml; path = Info.plist; sourceTree = "<group>"; };
		78222F1721B568C700AFD4B0 /* AutoLayoutTestUITests.xctest */ = {isa = PBXFileReference; explicitFileType = wrapper.cfbundle; includeInIndex = 0; path = AutoLayoutTestUITests.xctest; sourceTree = BUILT_PRODUCTS_DIR; };
		78222F1B21B568C700AFD4B0 /* AutoLayoutTestUITests.swift */ = {isa = PBXFileReference; lastKnownFileType = sourcecode.swift; path = AutoLayoutTestUITests.swift; sourceTree = "<group>"; };
		78222F1D21B568C700AFD4B0 /* Info.plist */ = {isa = PBXFileReference; lastKnownFileType = text.plist.xml; path = Info.plist; sourceTree = "<group>"; };
/* End PBXFileReference section */

/* Begin PBXFrameworksBuildPhase section */
		78222EF521B568C700AFD4B0 /* Frameworks */ = {
			isa = PBXFrameworksBuildPhase;
			buildActionMask = 2147483647;
			files = (
			);
			runOnlyForDeploymentPostprocessing = 0;
		};
		78222F0921B568C700AFD4B0 /* Frameworks */ = {
			isa = PBXFrameworksBuildPhase;
			buildActionMask = 2147483647;
			files = (
			);
			runOnlyForDeploymentPostprocessing = 0;
		};
		78222F1421B568C700AFD4B0 /* Frameworks */ = {
			isa = PBXFrameworksBuildPhase;
			buildActionMask = 2147483647;
			files = (
			);
			runOnlyForDeploymentPostprocessing = 0;
		};
/* End PBXFrameworksBuildPhase section */

/* Begin PBXGroup section */
		78222EEF21B568C700AFD4B0 = {
			isa = PBXGroup;
			children = (
				78222EFA21B568C700AFD4B0 /* AutoLayoutTest */,
				78222F0F21B568C700AFD4B0 /* AutoLayoutTestTests */,
				78222F1A21B568C700AFD4B0 /* AutoLayoutTestUITests */,
				78222EF921B568C700AFD4B0 /* Products */,
			);
			sourceTree = "<group>";
		};
		78222EF921B568C700AFD4B0 /* Products */ = {
			isa = PBXGroup;
			children = (
				78222EF821B568C700AFD4B0 /* AutoLayoutTest.app */,
				78222F0C21B568C700AFD4B0 /* AutoLayoutTestTests.xctest */,
				78222F1721B568C700AFD4B0 /* AutoLayoutTestUITests.xctest */,
			);
			name = Products;
			sourceTree = "<group>";
		};
		78222EFA21B568C700AFD4B0 /* AutoLayoutTest */ = {
			isa = PBXGroup;
			children = (
				78222EFB21B568C700AFD4B0 /* AppDelegate.swift */,
				78222EFD21B568C700AFD4B0 /* ViewController.swift */,
				78222EFF21B568C700AFD4B0 /* Main.storyboard */,
				78222F0221B568C700AFD4B0 /* Assets.xcassets */,
				78222F0421B568C700AFD4B0 /* LaunchScreen.storyboard */,
				78222F0721B568C700AFD4B0 /* Info.plist */,
			);
			path = AutoLayoutTest;
			sourceTree = "<group>";
		};
		78222F0F21B568C700AFD4B0 /* AutoLayoutTestTests */ = {
			isa = PBXGroup;
			children = (
				78222F1021B568C700AFD4B0 /* AutoLayoutTestTests.swift */,
				78222F1221B568C700AFD4B0 /* Info.plist */,
			);
			path = AutoLayoutTestTests;
			sourceTree = "<group>";
		};
		78222F1A21B568C700AFD4B0 /* AutoLayoutTestUITests */ = {
			isa = PBXGroup;
			children = (
				78222F1B21B568C700AFD4B0 /* AutoLayoutTestUITests.swift */,
				78222F1D21B568C700AFD4B0 /* Info.plist */,
			);
			path = AutoLayoutTestUITests;
			sourceTree = "<group>";
		};
/* End PBXGroup section */

/* Begin PBXNativeTarget section */
		78222EF721B568C700AFD4B0 /* AutoLayoutTest */ = {
			isa = PBXNativeTarget;
			buildConfigurationList = 78222F2021B568C700AFD4B0 /* Build configuration list for PBXNativeTarget "AutoLayoutTest" */;
			buildPhases = (
				78222EF421B568C700AFD4B0 /* Sources */,
				78222EF521B568C700AFD4B0 /* Frameworks */,
				78222EF621B568C700AFD4B0 /* Resources */,
			);
			buildRules = (
			);
			dependencies = (
			);
			name = AutoLayoutTest;
			productName = AutoLayoutTest;
			productReference = 78222EF821B568C700AFD4B0 /* AutoLayoutTest.app */;
			productType = "com.apple.product-type.application";
		};
		78222F0B21B568C700AFD4B0 /* AutoLayoutTestTests */ = {
			isa = PBXNativeTarget;
			buildConfigurationList = 78222F2321B568C700AFD4B0 /* Build configuration list for PBXNativeTarget "AutoLayoutTestTests" */;
			buildPhases = (
				78222F0821B568C700AFD4B0 /* Sources */,
				78222F0921B568C700AFD4B0 /* Frameworks */,
				78222F0A21B568C700AFD4B0 /* Resources */,
			);
			buildRules = (
			);
			dependencies = (
				78222F0E21B568C700AFD4B0 /* PBXTargetDependency */,
			);
			name = AutoLayoutTestTests;
			productName = AutoLayoutTestTests;
			productReference = 78222F0C21B568C700AFD4B0 /* AutoLayoutTestTests.xctest */;
			productType = "com.apple.product-type.bundle.unit-test";
		};
		78222F1621B568C700AFD4B0 /* AutoLayoutTestUITests */ = {
			isa = PBXNativeTarget;
			buildConfigurationList = 78222F2621B568C700AFD4B0 /* Build configuration list for PBXNativeTarget "AutoLayoutTestUITests" */;
			buildPhases = (
				78222F1321B568C700AFD4B0 /* Sources */,
				78222F1421B568C700AFD4B0 /* Frameworks */,
				78222F1521B568C700AFD4B0 /* Resources */,
			);
			buildRules = (
			);
			dependencies = (
				78222F1921B568C700AFD4B0 /* PBXTargetDependency */,
			);
			name = AutoLayoutTestUITests;
			productName = AutoLayoutTestUITests;
			productReference = 78222F1721B568C700AFD4B0 /* AutoLayoutTestUITests.xctest */;
			productType = "com.apple.product-type.bundle.ui-testing";
		};
/* End PBXNativeTarget section */

/* Begin PBXProject section */
		78222EF021B568C700AFD4B0 /* Project object */ = {
			isa = PBXProject;
			attributes = {
				LastSwiftUpdateCheck = 0920;
				LastUpgradeCheck = 0920;
				ORGANIZATIONNAME = "TWT Studio";
				TargetAttributes = {
					78222EF721B568C700AFD4B0 = {
						CreatedOnToolsVersion = 9.2;
						ProvisioningStyle = Automatic;
					};
					78222F0B21B568C700AFD4B0 = {
						CreatedOnToolsVersion = 9.2;
						ProvisioningStyle = Automatic;
						TestTargetID = 78222EF721B568C700AFD4B0;
					};
					78222F1621B568C700AFD4B0 = {
						CreatedOnToolsVersion = 9.2;
						ProvisioningStyle = Automatic;
						TestTargetID = 78222EF721B568C700AFD4B0;
					};
				};
			};
			buildConfigurationList = 78222EF321B568C700AFD4B0 /* Build configuration list for PBXProject "AutoLayoutTest" */;
			compatibilityVersion = "Xcode 8.0";
			developmentRegion = en;
			hasScannedForEncodings = 0;
			knownRegions = (
				en,
				Base,
			);
			mainGroup = 78222EEF21B568C700AFD4B0;
			productRefGroup = 78222EF921B568C700AFD4B0 /* Products */;
			projectDirPath = "";
			projectRoot = "";
			targets = (
				78222EF721B568C700AFD4B0 /* AutoLayoutTest */,
				78222F0B21B568C700AFD4B0 /* AutoLayoutTestTests */,
				78222F1621B568C700AFD4B0 /* AutoLayoutTestUITests */,
			);
		};
/* End PBXProject section */

/* Begin PBXResourcesBuildPhase section */
		78222EF621B568C700AFD4B0 /* Resources */ = {
			isa = PBXResourcesBuildPhase;
			buildActionMask = 2147483647;
			files = (
				78222F0621B568C700AFD4B0 /* LaunchScreen.storyboard in Resources */,
				78222F0321B568C700AFD4B0 /* Assets.xcassets in Resources */,
				78222F0121B568C700AFD4B0 /* Main.storyboard in Resources */,
			);
			runOnlyForDeploymentPostprocessing = 0;
		};
		78222F0A21B568C700AFD4B0 /* Resources */ = {
			isa = PBXResourcesBuildPhase;
			buildActionMask = 2147483647;
			files = (
			);
			runOnlyForDeploymentPostprocessing = 0;
		};
		78222F1521B568C700AFD4B0 /* Resources */ = {
			isa = PBXResourcesBuildPhase;
			buildActionMask = 2147483647;
			files = (
			);
			runOnlyForDeploymentPostprocessing = 0;
		};
/* End PBXResourcesBuildPhase section */

/* Begin PBXSourcesBuildPhase section */
		78222EF421B568C700AFD4B0 /* Sources */ = {
			isa = PBXSourcesBuildPhase;
			buildActionMask = 2147483647;
			files = (
				78222EFE21B568C700AFD4B0 /* ViewController.swift in Sources */,
				78222EFC21B568C700AFD4B0 /* AppDelegate.swift in Sources */,
			);
			runOnlyForDeploymentPostprocessing = 0;
		};
		78222F0821B568C700AFD4B0 /* Sources */ = {
			isa = PBXSourcesBuildPhase;
			buildActionMask = 2147483647;
			files = (
				78222F1121B568C700AFD4B0 /* AutoLayoutTestTests.swift in Sources */,
			);
			runOnlyForDeploymentPostprocessing = 0;
		};
		78222F1321B568C700AFD4B0 /* Sources */ = {
			isa = PBXSourcesBuildPhase;
			buildActionMask = 2147483647;
			files = (
				78222F1C21B568C700AFD4B0 /* AutoLayoutTestUITests.swift in Sources */,
			);
			runOnlyForDeploymentPostprocessing = 0;
		};
/* End PBXSourcesBuildPhase section */

/* Begin PBXTargetDependency section */
		78222F0E21B568C700AFD4B0 /* PBXTargetDependency */ = {
			isa = PBXTargetDependency;
			target = 78222EF721B568C700AFD4B0 /* AutoLayoutTest */;
			targetProxy = 78222F0D21B568C700AFD4B0 /* PBXContainerItemProxy */;
		};
		78222F1921B568C700AFD4B0 /* PBXTargetDependency */ = {
			isa = PBXTargetDependency;
			target = 78222EF721B568C700AFD4B0 /* AutoLayoutTest */;
			targetProxy = 78222F1821B568C700AFD4B0 /* PBXContainerItemProxy */;
		};
/* End PBXTargetDependency section */

/* Begin PBXVariantGroup section */
		78222EFF21B568C700AFD4B0 /* Main.storyboard */ = {
			isa = PBXVariantGroup;
			children = (
				78222F0021B568C700AFD4B0 /* Base */,
			);
			name = Main.storyboard;
			sourceTree = "<group>";
		};
		78222F0421B568C700AFD4B0 /* LaunchScreen.storyboard */ = {
			isa = PBXVariantGroup;
			children = (
				78222F0521B568C700AFD4B0 /* Base */,
			);
			name = LaunchScreen.storyboard;
			sourceTree = "<group>";
		};
/* End PBXVariantGroup section */

/* Begin XCBuildConfiguration section */
		78222F1E21B568C700AFD4B0 /* Debug */ = {
			isa = XCBuildConfiguration;
			buildSettings = {
				ALWAYS_SEARCH_USER_PATHS = NO;
				CLANG_ANALYZER_NONNULL = YES;
				CLANG_ANALYZER_NUMBER_OBJECT_CONVERSION = YES_AGGRESSIVE;
				CLANG_CXX_LANGUAGE_STANDARD = "gnu++14";
				CLANG_CXX_LIBRARY = "libc++";
				CLANG_ENABLE_MODULES = YES;
				CLANG_ENABLE_OBJC_ARC = YES;
				CLANG_WARN_BLOCK_CAPTURE_AUTORELEASING = YES;
				CLANG_WARN_BOOL_CONVERSION = YES;
				CLANG_WARN_COMMA = YES;
				CLANG_WARN_CONSTANT_CONVERSION = YES;
				CLANG_WARN_DIRECT_OBJC_ISA_USAGE = YES_ERROR;
				CLANG_WARN_DOCUMENTATION_COMMENTS = YES;
				CLANG_WARN_EMPTY_BODY = YES;
				CLANG_WARN_ENUM_CONVERSION = YES;
				CLANG_WARN_INFINITE_RECURSION = YES;
				CLANG_WARN_INT_CONVERSION = YES;
				CLANG_WARN_NON_LITERAL_NULL_CONVERSION = YES;
				CLANG_WARN_OBJC_LITERAL_CONVERSION = YES;
				CLANG_WARN_OBJC_ROOT_CLASS = YES_ERROR;
				CLANG_WARN_RANGE_LOOP_ANALYSIS = YES;
				CLANG_WARN_STRICT_PROTOTYPES = YES;
				CLANG_WARN_SUSPICIOUS_MOVE = YES;
				CLANG_WARN_UNGUARDED_AVAILABILITY = YES_AGGRESSIVE;
				CLANG_WARN_UNREACHABLE_CODE = YES;
				CLANG_WARN__DUPLICATE_METHOD_MATCH = YES;
				CODE_SIGN_IDENTITY = "iPhone Developer";
				COPY_PHASE_STRIP = NO;
				DEBUG_INFORMATION_FORMAT = dwarf;
				ENABLE_STRICT_OBJC_MSGSEND = YES;
				ENABLE_TESTABILITY = YES;
				GCC_C_LANGUAGE_STANDARD = gnu11;
				GCC_DYNAMIC_NO_PIC = NO;
				GCC_NO_COMMON_BLOCKS = YES;
				GCC_OPTIMIZATION_LEVEL = 0;
				GCC_PREPROCESSOR_DEFINITIONS = (
					"DEBUG=1",
					"$(inherited)",
				);
				GCC_WARN_64_TO_32_BIT_CONVERSION = YES;
				GCC_WARN_ABOUT_RETURN_TYPE = YES_ERROR;
				GCC_WARN_UNDECLARED_SELECTOR = YES;
				GCC_WARN_UNINITIALIZED_AUTOS = YES_AGGRESSIVE;
				GCC_WARN_UNUSED_FUNCTION = YES;
				GCC_WARN_UNUSED_VARIABLE = YES;
				IPHONEOS_DEPLOYMENT_TARGET = 11.2;
				MTL_ENABLE_DEBUG_INFO = YES;
				ONLY_ACTIVE_ARCH = YES;
				SDKROOT = iphoneos;
				SWIFT_ACTIVE_COMPILATION_CONDITIONS = DEBUG;
				SWIFT_OPTIMIZATION_LEVEL = "-Onone";
			};
			name = Debug;
		};
		78222F1F21B568C700AFD4B0 /* Release */ = {
			isa = XCBuildConfiguration;
			buildSettings = {
				ALWAYS_SEARCH_USER_PATHS = NO;
				CLANG_ANALYZER_NONNULL = YES;
				CLANG_ANALYZER_NUMBER_OBJECT_CONVERSION = YES_AGGRESSIVE;
				CLANG_CXX_LANGUAGE_STANDARD = "gnu++14";
				CLANG_CXX_LIBRARY = "libc++";
				CLANG_ENABLE_MODULES = YES;
				CLANG_ENABLE_OBJC_ARC = YES;
				CLANG_WARN_BLOCK_CAPTURE_AUTORELEASING = YES;
				CLANG_WARN_BOOL_CONVERSION = YES;
				CLANG_WARN_COMMA = YES;
				CLANG_WARN_CONSTANT_CONVERSION = YES;
				CLANG_WARN_DIRECT_OBJC_ISA_USAGE = YES_ERROR;
				CLANG_WARN_DOCUMENTATION_COMMENTS = YES;
				CLANG_WARN_EMPTY_BODY = YES;
				CLANG_WARN_ENUM_CONVERSION = YES;
				CLANG_WARN_INFINITE_RECURSION = YES;
				CLANG_WARN_INT_CONVERSION = YES;
				CLANG_WARN_NON_LITERAL_NULL_CONVERSION = YES;
				CLANG_WARN_OBJC_LITERAL_CONVERSION = YES;
				CLANG_WARN_OBJC_ROOT_CLASS = YES_ERROR;
				CLANG_WARN_RANGE_LOOP_ANALYSIS = YES;
				CLANG_WARN_STRICT_PROTOTYPES = YES;
				CLANG_WARN_SUSPICIOUS_MOVE = YES;
				CLANG_WARN_UNGUARDED_AVAILABILITY = YES_AGGRESSIVE;
				CLANG_WARN_UNREACHABLE_CODE = YES;
				CLANG_WARN__DUPLICATE_METHOD_MATCH = YES;
				CODE_SIGN_IDENTITY = "iPhone Developer";
				COPY_PHASE_STRIP = NO;
				DEBUG_INFORMATION_FORMAT = "dwarf-with-dsym";
				ENABLE_NS_ASSERTIONS = NO;
				ENABLE_STRICT_OBJC_MSGSEND = YES;
				GCC_C_LANGUAGE_STANDARD = gnu11;
				GCC_NO_COMMON_BLOCKS = YES;
				GCC_WARN_64_TO_32_BIT_CONVERSION = YES;
				GCC_WARN_ABOUT_RETURN_TYPE = YES_ERROR;
				GCC_WARN_UNDECLARED_SELECTOR = YES;
				GCC_WARN_UNINITIALIZED_AUTOS = YES_AGGRESSIVE;
				GCC_WARN_UNUSED_FUNCTION = YES;
				GCC_WARN_UNUSED_VARIABLE = YES;
				IPHONEOS_DEPLOYMENT_TARGET = 11.2;
				MTL_ENABLE_DEBUG_INFO = NO;
				SDKROOT = iphoneos;
				SWIFT_OPTIMIZATION_LEVEL = "-Owholemodule";
				VALIDATE_PRODUCT = YES;
			};
			name = Release;
		};
		78222F2121B568C700AFD4B0 /* Debug */ = {
			isa = XCBuildConfiguration;
			buildSettings = {
				ASSETCATALOG_COMPILER_APPICON_NAME = AppIcon;
				CODE_SIGN_STYLE = Automatic;
				DEVELOPMENT_TEAM = "";
				INFOPLIST_FILE = AutoLayoutTest/Info.plist;
				LD_RUNPATH_SEARCH_PATHS = "$(inherited) @executable_path/Frameworks";
				PRODUCT_BUNDLE_IDENTIFIER = com.twtstudio.AutoLayoutTest;
				PRODUCT_NAME = "$(TARGET_NAME)";
				SWIFT_VERSION = 4.0;
				TARGETED_DEVICE_FAMILY = "1,2";
			};
			name = Debug;
		};
		78222F2221B568C700AFD4B0 /* Release */ = {
			isa = XCBuildConfiguration;
			buildSettings = {
				ASSETCATALOG_COMPILER_APPICON_NAME = AppIcon;
				CODE_SIGN_STYLE = Automatic;
				DEVELOPMENT_TEAM = "";
				INFOPLIST_FILE = AutoLayoutTest/Info.plist;
				LD_RUNPATH_SEARCH_PATHS = "$(inherited) @executable_path/Frameworks";
				PRODUCT_BUNDLE_IDENTIFIER = com.twtstudio.AutoLayoutTest;
				PRODUCT_NAME = "$(TARGET_NAME)";
				SWIFT_VERSION = 4.0;
				TARGETED_DEVICE_FAMILY = "1,2";
			};
			name = Release;
		};
		78222F2421B568C700AFD4B0 /* Debug */ = {
			isa = XCBuildConfiguration;
			buildSettings = {
				ALWAYS_EMBED_SWIFT_STANDARD_LIBRARIES = YES;
				BUNDLE_LOADER = "$(TEST_HOST)";
				CODE_SIGN_STYLE = Automatic;
				DEVELOPMENT_TEAM = PC9CELJ83M;
				INFOPLIST_FILE = AutoLayoutTestTests/Info.plist;
				LD_RUNPATH_SEARCH_PATHS = "$(inherited) @executable_path/Frameworks @loader_path/Frameworks";
				PRODUCT_BUNDLE_IDENTIFIER = com.twtstudio.AutoLayoutTestTests;
				PRODUCT_NAME = "$(TARGET_NAME)";
				SWIFT_VERSION = 4.0;
				TARGETED_DEVICE_FAMILY = "1,2";
				TEST_HOST = "$(BUILT_PRODUCTS_DIR)/AutoLayoutTest.app/AutoLayoutTest";
			};
			name = Debug;
		};
		78222F2521B568C700AFD4B0 /* Release */ = {
			isa = XCBuildConfiguration;
			buildSettings = {
				ALWAYS_EMBED_SWIFT_STANDARD_LIBRARIES = YES;
				BUNDLE_LOADER = "$(TEST_HOST)";
				CODE_SIGN_STYLE = Automatic;
				DEVELOPMENT_TEAM = PC9CELJ83M;
				INFOPLIST_FILE = AutoLayoutTestTests/Info.plist;
				LD_RUNPATH_SEARCH_PATHS = "$(inherited) @executable_path/Frameworks @loader_path/Frameworks";
				PRODUCT_BUNDLE_IDENTIFIER = com.twtstudio.AutoLayoutTestTests;
				PRODUCT_NAME = "$(TARGET_NAME)";
				SWIFT_VERSION = 4.0;
				TARGETED_DEVICE_FAMILY = "1,2";
				TEST_HOST = "$(BUILT_PRODUCTS_DIR)/AutoLayoutTest.app/AutoLayoutTest";
			};
			name = Release;
		};
		78222F2721B568C700AFD4B0 /* Debug */ = {
			isa = XCBuildConfiguration;
			buildSettings = {
				ALWAYS_EMBED_SWIFT_STANDARD_LIBRARIES = YES;
				CODE_SIGN_STYLE = Automatic;
				DEVELOPMENT_TEAM = PC9CELJ83M;
				INFOPLIST_FILE = AutoLayoutTestUITests/Info.plist;
				LD_RUNPATH_SEARCH_PATHS = "$(inherited) @executable_path/Frameworks @loader_path/Frameworks";
				PRODUCT_BUNDLE_IDENTIFIER = com.twtstudio.AutoLayoutTestUITests;
				PRODUCT_NAME = "$(TARGET_NAME)";
				SWIFT_VERSION = 4.0;
				TARGETED_DEVICE_FAMILY = "1,2";
				TEST_TARGET_NAME = AutoLayoutTest;
			};
			name = Debug;
		};
		78222F2821B568C700AFD4B0 /* Release */ = {
			isa = XCBuildConfiguration;
			buildSettings = {
				ALWAYS_EMBED_SWIFT_STANDARD_LIBRARIES = YES;
				CODE_SIGN_STYLE = Automatic;
				DEVELOPMENT_TEAM = PC9CELJ83M;
				INFOPLIST_FILE = AutoLayoutTestUITests/Info.plist;
				LD_RUNPATH_SEARCH_PATHS = "$(inherited) @executable_path/Frameworks @loader_path/Frameworks";
				PRODUCT_BUNDLE_IDENTIFIER = com.twtstudio.AutoLayoutTestUITests;
				PRODUCT_NAME = "$(TARGET_NAME)";
				SWIFT_VERSION = 4.0;
				TARGETED_DEVICE_FAMILY = "1,2";
				TEST_TARGET_NAME = AutoLayoutTest;
			};
			name = Release;
		};
/* End XCBuildConfiguration section */

/* Begin XCConfigurationList section */
		78222EF321B568C700AFD4B0 /* Build configuration list for PBXProject "AutoLayoutTest" */ = {
			isa = XCConfigurationList;
			buildConfigurations = (
				78222F1E21B568C700AFD4B0 /* Debug */,
				78222F1F21B568C700AFD4B0 /* Release */,
			);
			defaultConfigurationIsVisible = 0;
			defaultConfigurationName = Release;
		};
		78222F2021B568C700AFD4B0 /* Build configuration list for PBXNativeTarget "AutoLayoutTest" */ = {
			isa = XCConfigurationList;
			buildConfigurations = (
				78222F2121B568C700AFD4B0 /* Debug */,
				78222F2221B568C700AFD4B0 /* Release */,
			);
			defaultConfigurationIsVisible = 0;
			defaultConfigurationName = Release;
		};
		78222F2321B568C700AFD4B0 /* Build configuration list for PBXNativeTarget "AutoLayoutTestTests" */ = {
			isa = XCConfigurationList;
			buildConfigurations = (
				78222F2421B568C700AFD4B0 /* Debug */,
				78222F2521B568C700AFD4B0 /* Release */,
			);
			defaultConfigurationIsVisible = 0;
			defaultConfigurationName = Release;
		};
		78222F2621B568C700AFD4B0 /* Build configuration list for PBXNativeTarget "AutoLayoutTestUITests" */ = {
			isa = XCConfigurationList;
			buildConfigurations = (
				78222F2721B568C700AFD4B0 /* Debug */,
				78222F2821B568C700AFD4B0 /* Release */,
			);
			defaultConfigurationIsVisible = 0;
			defaultConfigurationName = Release;
		};
/* End XCConfigurationList section */
	};
	rootObject = 78222EF021B568C700AFD4B0 /* Project object */;
}
